
Microsoft Visual Studio Solution File, Format Version 12.00
# Visual Studio Version 16
VisualStudioVersion = 16.0.30907.101
MinimumVisualStudioVersion = 10.0.40219.1
Project("{FAE04EC0-301F-11D3-BF4B-00C04F79EFBC}") = "SayisalLoto", "SayisalLoto\SayisalLoto.csproj", "{3FD72381-C8AC-4843-A1DD-4476DBC9364F}"
EndProject
Global
	GlobalSection(SolutionConfigurationPlatforms) = preSolution
		Debug|Any CPU = Debug|Any CPU
		Release|Any CPU = Release|Any CPU
	EndGlobalSection
	GlobalSection(ProjectConfigurationPlatforms) = postSolution
		{3FD72381-C8AC-4843-A1DD-4476DBC9364F}.Debug|Any CPU.ActiveCfg = Debug|Any CPU
		{3FD72381-C8AC-4843-A1DD-4476DBC9364F}.Debug|Any CPU.Build.0 = Debug|Any CPU
		{3FD72381-C8AC-4843-A1DD-4476DBC9364F}.Release|Any CPU.ActiveCfg = Release|Any CPU
		{3FD72381-C8AC-4843-A1DD-4476DBC9364F}.Release|Any CPU.Build.0 = Release|Any CPU
	EndGlobalSection
	GlobalSection(SolutionProperties) = preSolution
		HideSolutionNode = FALSE
	EndGlobalSection
	GlobalSection(ExtensibilityGlobals) = postSolution
		SolutionGuid = {1FFFECD5-0BED-45C9-903B-504847A75A29}
	EndGlobalSection
EndGlobal
